
Microsoft Visual Studio Solution File, Format Version 11.00
# Visual Studio 2010
Project("{FAE04EC0-301F-11D3-BF4B-00C04F79EFBC}") = "LightBoxEditor", "LightBoxEditor\LightBoxEditor.csproj", "{D0427035-F09D-4320-ADE1-881754B4116D}"
EndProject
Global
	GlobalSection(SolutionConfigurationPlatforms) = preSolution
		Debug|x86 = Debug|x86
		Release|x86 = Release|x86
	EndGlobalSection
	GlobalSection(ProjectConfigurationPlatforms) = postSolution
		{D0427035-F09D-4320-ADE1-881754B4116D}.Debug|x86.ActiveCfg = Debug|x86
		{D0427035-F09D-4320-ADE1-881754B4116D}.Debug|x86.Build.0 = Debug|x86
		{D0427035-F09D-4320-ADE1-881754B4116D}.Release|x86.ActiveCfg = Release|x86
		{D0427035-F09D-4320-ADE1-881754B4116D}.Release|x86.Build.0 = Release|x86
	EndGlobalSection
	GlobalSection(SolutionProperties) = preSolution
		HideSolutionNode = FALSE
	EndGlobalSection
EndGlobal
